Microsoft Visual Studio Solution File, Format Version 12.00
# Visual Studio Version 17
VisualStudioVersion = 17.5.2.0
MinimumVisualStudioVersion = 10.0.40219.1
Project("{FAE04EC0-301F-11D3-BF4B-00C04F79EFBC}") = "G1011", "G1011\G1011.csproj", "{27A47ED3-9317-F0C4-9134-836AF9E728A6}"
EndProject
Global
	GlobalSection(SolutionConfigurationPlatforms) = preSolution
		Debug|Any CPU = Debug|Any CPU
		Release|Any CPU = Release|Any CPU
	EndGlobalSection
	GlobalSection(ProjectConfigurationPlatforms) = postSolution
		{27A47ED3-9317-F0C4-9134-836AF9E728A6}.Debug|Any CPU.ActiveCfg = Debug|Any CPU
		{27A47ED3-9317-F0C4-9134-836AF9E728A6}.Debug|Any CPU.Build.0 = Debug|Any CPU
		{27A47ED3-9317-F0C4-9134-836AF9E728A6}.Release|Any CPU.ActiveCfg = Release|Any CPU
		{27A47ED3-9317-F0C4-9134-836AF9E728A6}.Release|Any CPU.Build.0 = Release|Any CPU
	EndGlobalSection
	GlobalSection(SolutionProperties) = preSolution
		HideSolutionNode = FALSE
	EndGlobalSection
	GlobalSection(ExtensibilityGlobals) = postSolution
		SolutionGuid = {B6D4DF3B-5CA8-40A5-8DCE-809F01B6BCA3}
	EndGlobalSection
EndGlobal
